
Microsoft Visual Studio Solution File, Format Version 12.00
# Visual Studio Version 16
VisualStudioVersion = 16.0.31129.286
MinimumVisualStudioVersion = 10.0.40219.1
Project("{9A19103F-16F7-4668-BE54-9A1E7A4F7556}") = "myAPI", "myAPI\myAPI.csproj", "{6B53BC5A-BE88-45B6-96C6-C3BBB8A17772}"
EndProject
Project("{E53339B2-1760-4266-BCC7-CA923CBCF16C}") = "docker-compose", "docker-compose.dcproj", "{75888988-CA89-408F-A89E-D6C1DD755E53}"
EndProject
Global
	GlobalSection(SolutionConfigurationPlatforms) = preSolution
		Debug|Any CPU = Debug|Any CPU
		Release|Any CPU = Release|Any CPU
	EndGlobalSection
	GlobalSection(ProjectConfigurationPlatforms) = postSolution
		{6B53BC5A-BE88-45B6-96C6-C3BBB8A17772}.Debug|Any CPU.ActiveCfg = Debug|Any CPU
		{6B53BC5A-BE88-45B6-96C6-C3BBB8A17772}.Debug|Any CPU.Build.0 = Debug|Any CPU
		{6B53BC5A-BE88-45B6-96C6-C3BBB8A17772}.Release|Any CPU.ActiveCfg = Release|Any CPU
		{6B53BC5A-BE88-45B6-96C6-C3BBB8A17772}.Release|Any CPU.Build.0 = Release|Any CPU
		{75888988-CA89-408F-A89E-D6C1DD755E53}.Debug|Any CPU.ActiveCfg = Debug|Any CPU
		{75888988-CA89-408F-A89E-D6C1DD755E53}.Debug|Any CPU.Build.0 = Debug|Any CPU
		{75888988-CA89-408F-A89E-D6C1DD755E53}.Release|Any CPU.ActiveCfg = Release|Any CPU
		{75888988-CA89-408F-A89E-D6C1DD755E53}.Release|Any CPU.Build.0 = Release|Any CPU
	EndGlobalSection
	GlobalSection(SolutionProperties) = preSolution
		HideSolutionNode = FALSE
	EndGlobalSection
	GlobalSection(ExtensibilityGlobals) = postSolution
		SolutionGuid = {42B4993D-86E3-462F-8A69-F1596D37E327}
	EndGlobalSection
EndGlobal
